<?xml version="1.0" encoding="utf-8"?>
<Project ToolsVersion="4.0" xmlns="http://schemas.microsoft.com/developer/msbuild/2003">
  <ItemGroup>
    <Filter Include="core">
      <UniqueIdentifier>{718a4501-3e3c-4c56-b0ec-0fe27cf30444}</UniqueIdentifier>
    </Filter>
    <Filter Include="core\dependencies">
      <UniqueIdentifier>{8b07ef3d-cecb-4e64-a2e9-05b1d170f712}</UniqueIdentifier>
    </Filter>
    <Filter Include="core\dependencies\Direct3D">
      <UniqueIdentifier>{1bf5e9fd-c57b-4426-9785-67f6ec96b8cb}</UniqueIdentifier>
    </Filter>
    <Filter Include="core\dependencies\ImGui">
      <UniqueIdentifier>{501cbef9-e77a-41f3-9e4a-d7f36968dc1d}</UniqueIdentifier>
    </Filter>
    <Filter Include="core\dependencies\MinHook">
      <UniqueIdentifier>{d6b87060-83e0-4379-bc59-247f2ef506b3}</UniqueIdentifier>
    </Filter>
    <Filter Include="core\dependencies\MinHook\hde">
      <UniqueIdentifier>{63b05929-302e-4db9-a2bf-389bb9a6c6fd}</UniqueIdentifier>
    </Filter>
    <Filter Include="main">
      <UniqueIdentifier>{70eb5e18-b93c-490e-aa5f-ebad0731ec71}</UniqueIdentifier>
    </Filter>
  </ItemGroup>
  <ItemGroup>
    <ClCompile Include="dependencies\Direct3D\Direct3D.cpp">
      <Filter>core\dependencies\Direct3D</Filter>
    </ClCompile>
    <ClCompile Include="dependencies\ImGui\imgui_tables.cpp">
      <Filter>core\dependencies\ImGui</Filter>
    </ClCompile>
    <ClCompile Include="dependencies\ImGui\imgui_widgets.cpp">
      <Filter>core\dependencies\ImGui</Filter>
    </ClCompile>
    <ClCompile Include="dependencies\ImGui\imgui.cpp">
      <Filter>core\dependencies\ImGui</Filter>
    </ClCompile>
    <ClCompile Include="dependencies\ImGui\imgui_demo.cpp">
      <Filter>core\dependencies\ImGui</Filter>
    </ClCompile>
    <ClCompile Include="dependencies\ImGui\imgui_draw.cpp">
      <Filter>core\dependencies\ImGui</Filter>
    </ClCompile>
    <ClCompile Include="dependencies\ImGui\misc\cpp\imgui_stdlib.cpp">
      <Filter>core\dependencies\ImGui</Filter>
    </ClCompile>
    <ClCompile Include="dependencies\ImGui\backends\imgui_impl_win32.cpp">
      <Filter>core\dependencies\ImGui</Filter>
    </ClCompile>
    <ClCompile Include="dependencies\ImGui\backends\imgui_impl_dx9.cpp">
      <Filter>core\dependencies\ImGui</Filter>
    </ClCompile>
    <ClCompile Include="dependencies\ImGui\backends\imgui_impl_dx11.cpp">
      <Filter>core\dependencies\ImGui</Filter>
    </ClCompile>
    <ClCompile Include="dependencies\MinHook\hook.c">
      <Filter>core\dependencies\MinHook</Filter>
    </ClCompile>
    <ClCompile Include="dependencies\MinHook\trampoline.c">
      <Filter>core\dependencies\MinHook</Filter>
    </ClCompile>
    <ClCompile Include="dependencies\MinHook\buffer.c">
      <Filter>core\dependencies\MinHook</Filter>
    </ClCompile>
    <ClCompile Include="dependencies\MinHook\hde\hde64.c">
      <Filter>core\dependencies\MinHook\hde</Filter>
    </ClCompile>
    <ClCompile Include="dependencies\MinHook\hde\hde32.c">
      <Filter>core\dependencies\MinHook\hde</Filter>
    </ClCompile>
    <ClCompile Include="main.cpp">
      <Filter>main</Filter>
    </ClCompile>
  </ItemGroup>
  <ItemGroup>
    <ClInclude Include="dependencies\Direct3D\Direct3D.h">
      <Filter>core\dependencies\Direct3D</Filter>
    </ClInclude>
    <ClInclude Include="dependencies\ImGui\imgui_internal.h">
      <Filter>core\dependencies\ImGui</Filter>
    </ClInclude>
    <ClInclude Include="dependencies\ImGui\imstb_rectpack.h">
      <Filter>core\dependencies\ImGui</Filter>
    </ClInclude>
    <ClInclude Include="dependencies\ImGui\imstb_textedit.h">
      <Filter>core\dependencies\ImGui</Filter>
    </ClInclude>
    <ClInclude Include="dependencies\ImGui\imstb_truetype.h">
      <Filter>core\dependencies\ImGui</Filter>
    </ClInclude>
    <ClInclude Include="dependencies\ImGui\imconfig.h">
      <Filter>core\dependencies\ImGui</Filter>
    </ClInclude>
    <ClInclude Include="dependencies\ImGui\imgui.h">
      <Filter>core\dependencies\ImGui</Filter>
    </ClInclude>
    <ClInclude Include="dependencies\ImGui\misc\cpp\imgui_stdlib.h">
      <Filter>core\dependencies\ImGui</Filter>
    </ClInclude>
    <ClInclude Include="dependencies\ImGui\backends\imgui_impl_win32.h">
      <Filter>core\dependencies\ImGui</Filter>
    </ClInclude>
    <ClInclude Include="dependencies\ImGui\backends\imgui_impl_dx9.h">
      <Filter>core\dependencies\ImGui</Filter>
    </ClInclude>
    <ClInclude Include="dependencies\ImGui\backends\imgui_impl_dx11.h">
      <Filter>core\dependencies\ImGui</Filter>
    </ClInclude>
    <ClInclude Include="dependencies\MinHook\buffer.h">
      <Filter>core\dependencies\MinHook</Filter>
    </ClInclude>
    <ClInclude Include="dependencies\MinHook\MinHook.h">
      <Filter>core\dependencies\MinHook</Filter>
    </ClInclude>
    <ClInclude Include="dependencies\MinHook\trampoline.h">
      <Filter>core\dependencies\MinHook</Filter>
    </ClInclude>
    <ClInclude Include="dependencies\MinHook\hde\hde64.h">
      <Filter>core\dependencies\MinHook\hde</Filter>
    </ClInclude>
    <ClInclude Include="dependencies\MinHook\hde\pstdint.h">
      <Filter>core\dependencies\MinHook\hde</Filter>
    </ClInclude>
    <ClInclude Include="dependencies\MinHook\hde\table32.h">
      <Filter>core\dependencies\MinHook\hde</Filter>
    </ClInclude>
    <ClInclude Include="dependencies\MinHook\hde\table64.h">
      <Filter>core\dependencies\MinHook\hde</Filter>
    </ClInclude>
    <ClInclude Include="dependencies\MinHook\hde\hde32.h">
      <Filter>core\dependencies\MinHook\hde</Filter>
    </ClInclude>
    <ClInclude Include="Core.hpp">
      <Filter>core</Filter>
    </ClInclude>
    <ClInclude Include="GlobalSetting.hpp">
      <Filter>core</Filter>
    </ClInclude>
    <ClInclude Include="Device.h">
      <Filter>main</Filter>
    </ClInclude>
    <ClInclude Include="Cheat.h">
      <Filter>main</Filter>
    </ClInclude>
    <ClInclude Include="Utils.h">
      <Filter>main</Filter>
    </ClInclude>
    <ClInclude Include="Config.h">
      <Filter>main</Filter>
    </ClInclude>
  </ItemGroup>
</Project>